{
  "name": "pooling",
  "version": "2.0.0",
  "lockfileVersion": 1,
  "requires": true,
  "dependencies": {
    "@types/keyv": {
      "version": "3.1.1",
      "resolved": "https://registry.npmjs.org/@types/keyv/-/keyv-3.1.1.tgz",
      "integrity": "sha512-MPtoySlAZQ37VoLaPcTHCu1RWJ4llDkULYZIzOYxlhxBqYPB0RsRlmMU0R6tahtFe27mIdkHV+551ZWV4PLmVw==",
      "requires": {
        "@types/node": "*"
      }
    },
    "@types/node": {
      "version": "13.11.1",
      "resolved": "https://registry.npmjs.org/@types/node/-/node-13.11.1.tgz",
      "integrity": "sha512-eWQGP3qtxwL8FGneRrC5DwrJLGN4/dH1clNTuLfN81HCrxVtxRjygDTUoZJ5ASlDEeo0ppYFQjQIlXhtXpOn6g=="
    },
    "@types/shortid": {
      "version": "0.0.29",
      "resolved": "https://registry.npmjs.org/@types/shortid/-/shortid-0.0.29.tgz",
      "integrity": "sha1-gJPuBBam4r8qpjOBCRFLP7/6Dps="
    },
    "json-buffer": {
      "version": "3.0.1",
      "resolved": "https://registry.npmjs.org/json-buffer/-/json-buffer-3.0.1.tgz",
      "integrity": "sha512-4bV5BfR2mqfQTJm+V5tPPdf+ZpuhiIvTuAB5g8kcrXOZpTT/QwwVRWBywX1ozr6lEuPdbHxwaJlm9G6mI2sfSQ=="
    },
    "keyv": {
      "version": "4.0.0",
      "resolved": "https://registry.npmjs.org/keyv/-/keyv-4.0.0.tgz",
      "integrity": "sha512-U7ioE8AimvRVLfw4LffyOIRhL2xVgmE8T22L6i0BucSnBUyv4w+I7VN/zVZwRKHOI6ZRUcdMdWHQ8KSUvGpEog==",
      "requires": {
        "json-buffer": "3.0.1"
      }
    },
    "keyv-extensions": {
      "version": "1.3.7",
      "resolved": "https://registry.npmjs.org/keyv-extensions/-/keyv-extensions-1.3.7.tgz",
      "integrity": "sha512-N5X0H7fMeK3ecEdSLnPdKt/yU35RdGhr5yhUd8RRm6d0mKf9QaxdX7P69+zydPdAwzzaVuRUnTSZ+CBLlb0XbA==",
      "requires": {
        "keyv": "^4.0.0"
      }
    },
    "nanoid": {
      "version": "2.1.11",
      "resolved": "https://registry.npmjs.org/nanoid/-/nanoid-2.1.11.tgz",
      "integrity": "sha512-s/snB+WGm6uwi0WjsZdaVcuf3KJXlfGl2LcxgwkEwJF0D/BWzVWAZW/XY4bFaiR7s0Jk3FPvlnepg1H1b1UwlA=="
    },
    "shortid": {
      "version": "2.2.15",
      "resolved": "https://registry.npmjs.org/shortid/-/shortid-2.2.15.tgz",
      "integrity": "sha512-5EaCy2mx2Jgc/Fdn9uuDuNIIfWBpzY4XIlhoqtXF6qsf+/+SGZ+FxDdX/ZsMZiWupIWNqAEmiNY4RC+LSmCeOw==",
      "requires": {
        "nanoid": "^2.1.0"
      }
    }
  }
}
